
Microsoft Visual Studio Solution File, Format Version 12.00
# Visual Studio Version 17
VisualStudioVersion = 17.4.33122.133
MinimumVisualStudioVersion = 10.0.40219.1
Project("{FAE04EC0-301F-11D3-BF4B-00C04F79EFBC}") = "GitTest", "GitTest.csproj", "{499BF1C9-B683-4F1A-AB51-18214049E306}"
EndProject
Global
	GlobalSection(SolutionConfigurationPlatforms) = preSolution
		Debug|Any CPU = Debug|Any CPU
		Release|Any CPU = Release|Any CPU
	EndGlobalSection
	GlobalSection(ProjectConfigurationPlatforms) = postSolution
		{499BF1C9-B683-4F1A-AB51-18214049E306}.Debug|Any CPU.ActiveCfg = Debug|Any CPU
		{499BF1C9-B683-4F1A-AB51-18214049E306}.Debug|Any CPU.Build.0 = Debug|Any CPU
		{499BF1C9-B683-4F1A-AB51-18214049E306}.Release|Any CPU.ActiveCfg = Release|Any CPU
		{499BF1C9-B683-4F1A-AB51-18214049E306}.Release|Any CPU.Build.0 = Release|Any CPU
	EndGlobalSection
	GlobalSection(SolutionProperties) = preSolution
		HideSolutionNode = FALSE
	EndGlobalSection
	GlobalSection(ExtensibilityGlobals) = postSolution
		SolutionGuid = {A5777106-8500-404B-955F-A8E1ACDD9BAF}
	EndGlobalSection
EndGlobal
